// !$*UTF8*$!
{
	archiveVersion = 1;
	classes = {
	};
	objectVersion = 46;
	objects = {

/* Begin PBXBuildFile section */
		27847A5A1707A10000CC82F4 /* format.c in Sources */ = {isa = PBXBuildFile; fileRef = 27847A591707A10000CC82F4 /* format.c */; };
/* End PBXBuildFile section */

/* Begin PBXCopyFilesBuildPhase section */
		27847A2B17079AFD00CC82F4 /* CopyFiles */ = {
			isa = PBXCopyFilesBuildPhase;
			buildActionMask = 2147483647;
			dstPath = /usr/share/man/man1/;
			dstSubfolderSpec = 0;
			files = (
			);
			runOnlyForDeploymentPostprocessing = 1;
		};
/* End PBXCopyFilesBuildPhase section */

/* Begin PBXFileReference section */
		27847A2D17079AFD00CC82F4 /* Format Interpretation */ = {isa = PBXFileReference; explicitFileType = "compiled.mach-o.executable"; includeInIndex = 0; path = "Format Interpretation"; sourceTree = BUILT_PRODUCTS_DIR; };
		27847A591707A10000CC82F4 /* format.c */ = {isa = PBXFileReference; fileEncoding = 4; lastKnownFileType = sourcecode.c.c; path = format.c; sourceTree = "<group>"; };
/* End PBXFileReference section */

/* Begin PBXFrameworksBuildPhase section */
		27847A2A17079AFD00CC82F4 /* Frameworks */ = {
			isa = PBXFrameworksBuildPhase;
			buildActionMask = 2147483647;
			files = (
			);
			runOnlyForDeploymentPostprocessing = 0;
		};
/* End PBXFrameworksBuildPhase section */

/* Begin PBXGroup section */
		27847A2217079AFD00CC82F4 = {
			isa = PBXGroup;
			children = (
				27847A591707A10000CC82F4 /* format.c */,
				27847A2E17079AFD00CC82F4 /* Products */,
			);
			sourceTree = "<group>";
		};
		27847A2E17079AFD00CC82F4 /* Products */ = {
			isa = PBXGroup;
			children = (
				27847A2D17079AFD00CC82F4 /* Format Interpretation */,
			);
			name = Products;
			sourceTree = "<group>";
		};
/* End PBXGroup section */

/* Begin PBXNativeTarget section */
		27847A2C17079AFD00CC82F4 /* Format Interpretation */ = {
			isa = PBXNativeTarget;
			buildConfigurationList = 27847A3717079AFD00CC82F4 /* Build configuration list for PBXNativeTarget "Format Interpretation" */;
			buildPhases = (
				27847A2917079AFD00CC82F4 /* Sources */,
				27847A2A17079AFD00CC82F4 /* Frameworks */,
				27847A2B17079AFD00CC82F4 /* CopyFiles */,
			);
			buildRules = (
			);
			dependencies = (
			);
			name = "Format Interpretation";
			productName = "Format Interpretation";
			productReference = 27847A2D17079AFD00CC82F4 /* Format Interpretation */;
			productType = "com.apple.product-type.tool";
		};
/* End PBXNativeTarget section */

/* Begin PBXProject section */
		27847A2417079AFD00CC82F4 /* Project object */ = {
			isa = PBXProject;
			attributes = {
				LastUpgradeCheck = 0450;
				ORGANIZATIONNAME = "Rutgers University";
			};
			buildConfigurationList = 27847A2717079AFD00CC82F4 /* Build configuration list for PBXProject "Format Interpretation" */;
			compatibilityVersion = "Xcode 3.2";
			developmentRegion = English;
			hasScannedForEncodings = 0;
			knownRegions = (
				en,
			);
			mainGroup = 27847A2217079AFD00CC82F4;
			productRefGroup = 27847A2E17079AFD00CC82F4 /* Products */;
			projectDirPath = "";
			projectRoot = "";
			targets = (
				27847A2C17079AFD00CC82F4 /* Format Interpretation */,
			);
		};
/* End PBXProject section */

/* Begin PBXSourcesBuildPhase section */
		27847A2917079AFD00CC82F4 /* Sources */ = {
			isa = PBXSourcesBuildPhase;
			buildActionMask = 2147483647;
			files = (
				27847A5A1707A10000CC82F4 /* format.c in Sources */,
			);
			runOnlyForDeploymentPostprocessing = 0;
		};
/* End PBXSourcesBuildPhase section */

/* Begin XCBuildConfiguration section */
		27847A3517079AFD00CC82F4 /* Debug */ = {
			isa = XCBuildConfiguration;
			buildSettings = {
				ALWAYS_SEARCH_USER_PATHS = NO;
				ARCHS = "$(ARCHS_STANDARD_64_BIT)";
				CLANG_CXX_LANGUAGE_STANDARD = "gnu++0x";
				CLANG_CXX_LIBRARY = "libc++";
				CLANG_WARN_EMPTY_BODY = YES;
				CLANG_WARN__DUPLICATE_METHOD_MATCH = YES;
				COPY_PHASE_STRIP = NO;
				GCC_C_LANGUAGE_STANDARD = gnu99;
				GCC_DYNAMIC_NO_PIC = NO;
				GCC_ENABLE_OBJC_EXCEPTIONS = YES;
				GCC_OPTIMIZATION_LEVEL = 0;
				GCC_PREPROCESSOR_DEFINITIONS = (
					"DEBUG=1",
					"$(inherited)",
				);
				GCC_SYMBOLS_PRIVATE_EXTERN = NO;
				GCC_WARN_64_TO_32_BIT_CONVERSION = YES;
				GCC_WARN_ABOUT_RETURN_TYPE = YES;
				GCC_WARN_UNINITIALIZED_AUTOS = YES;
				GCC_WARN_UNUSED_VARIABLE = YES;
				MACOSX_DEPLOYMENT_TARGET = 10.8;
				ONLY_ACTIVE_ARCH = YES;
				SDKROOT = macosx;
			};
			name = Debug;
		};
		27847A3617079AFD00CC82F4 /* Release */ = {
			isa = XCBuildConfiguration;
			buildSettings = {
				ALWAYS_SEARCH_USER_PATHS = NO;
				ARCHS = "$(ARCHS_STANDARD_64_BIT)";
				CLANG_CXX_LANGUAGE_STANDARD = "gnu++0x";
				CLANG_CXX_LIBRARY = "libc++";
				CLANG_WARN_EMPTY_BODY = YES;
				CLANG_WARN__DUPLICATE_METHOD_MATCH = YES;
				COPY_PHASE_STRIP = YES;
				DEBUG_INFORMATION_FORMAT = "dwarf-with-dsym";
				GCC_C_LANGUAGE_STANDARD = gnu99;
				GCC_ENABLE_OBJC_EXCEPTIONS = YES;
				GCC_WARN_64_TO_32_BIT_CONVERSION = YES;
				GCC_WARN_ABOUT_RETURN_TYPE = YES;
				GCC_WARN_UNINITIALIZED_AUTOS = YES;
				GCC_WARN_UNUSED_VARIABLE = YES;
				MACOSX_DEPLOYMENT_TARGET = 10.8;
				SDKROOT = macosx;
			};
			name = Release;
		};
		27847A3817079AFD00CC82F4 /* Debug */ = {
			isa = XCBuildConfiguration;
			buildSettings = {
				PRODUCT_NAME = "$(TARGET_NAME)";
			};
			name = Debug;
		};
		27847A3917079AFD00CC82F4 /* Release */ = {
			isa = XCBuildConfiguration;
			buildSettings = {
				PRODUCT_NAME = "$(TARGET_NAME)";
			};
			name = Release;
		};
/* End XCBuildConfiguration section */

/* Begin XCConfigurationList section */
		27847A2717079AFD00CC82F4 /* Build configuration list for PBXProject "Format Interpretation" */ = {
			isa = XCConfigurationList;
			buildConfigurations = (
				27847A3517079AFD00CC82F4 /* Debug */,
				27847A3617079AFD00CC82F4 /* Release */,
			);
			defaultConfigurationIsVisible = 0;
			defaultConfigurationName = Release;
		};
		27847A3717079AFD00CC82F4 /* Build configuration list for PBXNativeTarget "Format Interpretation" */ = {
			isa = XCConfigurationList;
			buildConfigurations = (
				27847A3817079AFD00CC82F4 /* Debug */,
				27847A3917079AFD00CC82F4 /* Release */,
			);
			defaultConfigurationIsVisible = 0;
		};
/* End XCConfigurationList section */
	};
	rootObject = 27847A2417079AFD00CC82F4 /* Project object */;
}
