// !$*UTF8*$!
{
	archiveVersion = 1;
	classes = {
	};
	objectVersion = 46;
	objects = {

/* Begin PBXBuildFile section */
		27847A4217079B3400CC82F4 /* calc.c in Sources */ = {isa = PBXBuildFile; fileRef = 27847A4017079B3400CC82F4 /* calc.c */; };
/* End PBXBuildFile section */

/* Begin PBXCopyFilesBuildPhase section */
		278479D117079A9400CC82F4 /* CopyFiles */ = {
			isa = PBXCopyFilesBuildPhase;
			buildActionMask = 2147483647;
			dstPath = /usr/share/man/man1/;
			dstSubfolderSpec = 0;
			files = (
			);
			runOnlyForDeploymentPostprocessing = 1;
		};
/* End PBXCopyFilesBuildPhase section */

/* Begin PBXFileReference section */
		278479D317079A9400CC82F4 /* Numeric Base Conversion and Calculator */ = {isa = PBXFileReference; explicitFileType = "compiled.mach-o.executable"; includeInIndex = 0; path = "Numeric Base Conversion and Calculator"; sourceTree = BUILT_PRODUCTS_DIR; };
		27847A4017079B3400CC82F4 /* calc.c */ = {isa = PBXFileReference; fileEncoding = 4; lastKnownFileType = sourcecode.c.c; path = calc.c; sourceTree = "<group>"; };
		27847A4117079B3400CC82F4 /* calc.h */ = {isa = PBXFileReference; fileEncoding = 4; lastKnownFileType = sourcecode.c.h; path = calc.h; sourceTree = "<group>"; };
/* End PBXFileReference section */

/* Begin PBXFrameworksBuildPhase section */
		278479D017079A9400CC82F4 /* Frameworks */ = {
			isa = PBXFrameworksBuildPhase;
			buildActionMask = 2147483647;
			files = (
			);
			runOnlyForDeploymentPostprocessing = 0;
		};
/* End PBXFrameworksBuildPhase section */

/* Begin PBXGroup section */
		278479C817079A9400CC82F4 = {
			isa = PBXGroup;
			children = (
				27847A4017079B3400CC82F4 /* calc.c */,
				27847A4117079B3400CC82F4 /* calc.h */,
				278479D417079A9400CC82F4 /* Products */,
			);
			sourceTree = "<group>";
		};
		278479D417079A9400CC82F4 /* Products */ = {
			isa = PBXGroup;
			children = (
				278479D317079A9400CC82F4 /* Numeric Base Conversion and Calculator */,
			);
			name = Products;
			sourceTree = "<group>";
		};
/* End PBXGroup section */

/* Begin PBXNativeTarget section */
		278479D217079A9400CC82F4 /* Numeric Base Conversion and Calculator */ = {
			isa = PBXNativeTarget;
			buildConfigurationList = 278479DD17079A9400CC82F4 /* Build configuration list for PBXNativeTarget "Numeric Base Conversion and Calculator" */;
			buildPhases = (
				278479CF17079A9400CC82F4 /* Sources */,
				278479D017079A9400CC82F4 /* Frameworks */,
				278479D117079A9400CC82F4 /* CopyFiles */,
			);
			buildRules = (
			);
			dependencies = (
			);
			name = "Numeric Base Conversion and Calculator";
			productName = "Numeric Base Conversion and Calculator";
			productReference = 278479D317079A9400CC82F4 /* Numeric Base Conversion and Calculator */;
			productType = "com.apple.product-type.tool";
		};
/* End PBXNativeTarget section */

/* Begin PBXProject section */
		278479CA17079A9400CC82F4 /* Project object */ = {
			isa = PBXProject;
			attributes = {
				LastUpgradeCheck = 0450;
				ORGANIZATIONNAME = "Rutgers University";
			};
			buildConfigurationList = 278479CD17079A9400CC82F4 /* Build configuration list for PBXProject "Numeric Base Conversion and Calculator" */;
			compatibilityVersion = "Xcode 3.2";
			developmentRegion = English;
			hasScannedForEncodings = 0;
			knownRegions = (
				en,
			);
			mainGroup = 278479C817079A9400CC82F4;
			productRefGroup = 278479D417079A9400CC82F4 /* Products */;
			projectDirPath = "";
			projectRoot = "";
			targets = (
				278479D217079A9400CC82F4 /* Numeric Base Conversion and Calculator */,
			);
		};
/* End PBXProject section */

/* Begin PBXSourcesBuildPhase section */
		278479CF17079A9400CC82F4 /* Sources */ = {
			isa = PBXSourcesBuildPhase;
			buildActionMask = 2147483647;
			files = (
				27847A4217079B3400CC82F4 /* calc.c in Sources */,
			);
			runOnlyForDeploymentPostprocessing = 0;
		};
/* End PBXSourcesBuildPhase section */

/* Begin XCBuildConfiguration section */
		278479DB17079A9400CC82F4 /* Debug */ = {
			isa = XCBuildConfiguration;
			buildSettings = {
				ALWAYS_SEARCH_USER_PATHS = NO;
				ARCHS = "$(ARCHS_STANDARD_64_BIT)";
				CLANG_CXX_LANGUAGE_STANDARD = "gnu++0x";
				CLANG_CXX_LIBRARY = "libc++";
				CLANG_WARN_EMPTY_BODY = YES;
				CLANG_WARN__DUPLICATE_METHOD_MATCH = YES;
				COPY_PHASE_STRIP = NO;
				GCC_C_LANGUAGE_STANDARD = gnu99;
				GCC_DYNAMIC_NO_PIC = NO;
				GCC_ENABLE_OBJC_EXCEPTIONS = YES;
				GCC_OPTIMIZATION_LEVEL = 0;
				GCC_PREPROCESSOR_DEFINITIONS = (
					"DEBUG=1",
					"$(inherited)",
				);
				GCC_SYMBOLS_PRIVATE_EXTERN = NO;
				GCC_WARN_64_TO_32_BIT_CONVERSION = YES;
				GCC_WARN_ABOUT_RETURN_TYPE = YES;
				GCC_WARN_UNINITIALIZED_AUTOS = YES;
				GCC_WARN_UNUSED_VARIABLE = YES;
				MACOSX_DEPLOYMENT_TARGET = 10.8;
				ONLY_ACTIVE_ARCH = YES;
				SDKROOT = macosx;
			};
			name = Debug;
		};
		278479DC17079A9400CC82F4 /* Release */ = {
			isa = XCBuildConfiguration;
			buildSettings = {
				ALWAYS_SEARCH_USER_PATHS = NO;
				ARCHS = "$(ARCHS_STANDARD_64_BIT)";
				CLANG_CXX_LANGUAGE_STANDARD = "gnu++0x";
				CLANG_CXX_LIBRARY = "libc++";
				CLANG_WARN_EMPTY_BODY = YES;
				CLANG_WARN__DUPLICATE_METHOD_MATCH = YES;
				COPY_PHASE_STRIP = YES;
				DEBUG_INFORMATION_FORMAT = "dwarf-with-dsym";
				GCC_C_LANGUAGE_STANDARD = gnu99;
				GCC_ENABLE_OBJC_EXCEPTIONS = YES;
				GCC_WARN_64_TO_32_BIT_CONVERSION = YES;
				GCC_WARN_ABOUT_RETURN_TYPE = YES;
				GCC_WARN_UNINITIALIZED_AUTOS = YES;
				GCC_WARN_UNUSED_VARIABLE = YES;
				MACOSX_DEPLOYMENT_TARGET = 10.8;
				SDKROOT = macosx;
			};
			name = Release;
		};
		278479DE17079A9400CC82F4 /* Debug */ = {
			isa = XCBuildConfiguration;
			buildSettings = {
				PRODUCT_NAME = "$(TARGET_NAME)";
			};
			name = Debug;
		};
		278479DF17079A9400CC82F4 /* Release */ = {
			isa = XCBuildConfiguration;
			buildSettings = {
				PRODUCT_NAME = "$(TARGET_NAME)";
			};
			name = Release;
		};
/* End XCBuildConfiguration section */

/* Begin XCConfigurationList section */
		278479CD17079A9400CC82F4 /* Build configuration list for PBXProject "Numeric Base Conversion and Calculator" */ = {
			isa = XCConfigurationList;
			buildConfigurations = (
				278479DB17079A9400CC82F4 /* Debug */,
				278479DC17079A9400CC82F4 /* Release */,
			);
			defaultConfigurationIsVisible = 0;
			defaultConfigurationName = Release;
		};
		278479DD17079A9400CC82F4 /* Build configuration list for PBXNativeTarget "Numeric Base Conversion and Calculator" */ = {
			isa = XCConfigurationList;
			buildConfigurations = (
				278479DE17079A9400CC82F4 /* Debug */,
				278479DF17079A9400CC82F4 /* Release */,
			);
			defaultConfigurationIsVisible = 0;
		};
/* End XCConfigurationList section */
	};
	rootObject = 278479CA17079A9400CC82F4 /* Project object */;
}
